{
  "pins" : [
    {
      "identity" : "enumkit",
      "kind" : "remoteSourceControl",
      "location" : "https://github.com/gringoireDM/EnumKit",
      "state" : {
        "revision" : "ae639dfac5c7116abb64c5f62124915f627140e4",
        "version" : "1.1.3"
      }
    },
    {
      "identity" : "ergo",
      "kind" : "remoteSourceControl",
      "location" : "https://github.com/Fleuronic/Ergo",
      "state" : {
        "branch" : "main",
        "revision" : "051257fff8f697b66fc7635c1f039a73e31eaf3b"
      }
    },
    {
      "identity" : "inject",
      "kind" : "remoteSourceControl",
      "location" : "https://github.com/Fleuronic/Inject",
      "state" : {
        "branch" : "main",
        "revision" : "630dcabd46c09fb14b9f6a0ab3257523c499f395"
      }
    },
    {
      "identity" : "reactiveswift",
      "kind" : "remoteSourceControl",
      "location" : "https://github.com/ReactiveCocoa/ReactiveSwift.git",
      "state" : {
        "revision" : "40c465af19b993344e84355c00669ba2022ca3cd",
        "version" : "7.1.1"
      }
    },
    {
      "identity" : "swift-snapshot-testing",
      "kind" : "remoteSourceControl",
      "location" : "https://github.com/pointfreeco/swift-snapshot-testing",
      "state" : {
        "revision" : "625ccca8570773dd84a34ee51a81aa2bc5a4f97a",
        "version" : "1.16.0"
      }
    },
    {
      "identity" : "swift-syntax",
      "kind" : "remoteSourceControl",
      "location" : "https://github.com/apple/swift-syntax",
      "state" : {
        "revision" : "303e5c5c36d6a558407d364878df131c3546fad8",
        "version" : "510.0.2"
      }
    },
    {
      "identity" : "workflow-swift",
      "kind" : "remoteSourceControl",
      "location" : "https://github.com/Fleuronic/workflow-swift",
      "state" : {
        "branch" : "main",
        "revision" : "076618bfdaa1acbe48dfce5842ba939e1a77b232"
      }
    }
  ],
  "version" : 2
}
